
Microsoft Visual Studio Solution File, Format Version 12.00
# Visual Studio Version 17
VisualStudioVersion = 17.4.33213.308
MinimumVisualStudioVersion = 10.0.40219.1
Project("{FAE04EC0-301F-11D3-BF4B-00C04F79EFBC}") = "ProyectoFinalEstructuraII", "ProyectoFinalEstructuraII.csproj", "{9E6431B6-1DC5-4100-89E8-EDD1612A5F58}"
EndProject
Global
	GlobalSection(SolutionConfigurationPlatforms) = preSolution
		Debug|Any CPU = Debug|Any CPU
		Release|Any CPU = Release|Any CPU
	EndGlobalSection
	GlobalSection(ProjectConfigurationPlatforms) = postSolution
		{9E6431B6-1DC5-4100-89E8-EDD1612A5F58}.Debug|Any CPU.ActiveCfg = Debug|Any CPU
		{9E6431B6-1DC5-4100-89E8-EDD1612A5F58}.Debug|Any CPU.Build.0 = Debug|Any CPU
		{9E6431B6-1DC5-4100-89E8-EDD1612A5F58}.Release|Any CPU.ActiveCfg = Release|Any CPU
		{9E6431B6-1DC5-4100-89E8-EDD1612A5F58}.Release|Any CPU.Build.0 = Release|Any CPU
	EndGlobalSection
	GlobalSection(SolutionProperties) = preSolution
		HideSolutionNode = FALSE
	EndGlobalSection
	GlobalSection(ExtensibilityGlobals) = postSolution
		SolutionGuid = {F5D23BC4-A071-4441-AC36-4EA967DA9CA7}
	EndGlobalSection
EndGlobal
